
Microsoft Visual Studio Solution File, Format Version 12.00
# Visual Studio Version 16
VisualStudioVersion = 16.0.29911.84
MinimumVisualStudioVersion = 10.0.40219.1
Project("{FAE04EC0-301F-11D3-BF4B-00C04F79EFBC}") = "assignment_5", "assignment_5.csproj", "{94D99ECD-2ED4-4251-8279-01653230D5DE}"
EndProject
Project("{FAE04EC0-301F-11D3-BF4B-00C04F79EFBC}") = "Business_Layer", "..\Business Layer\Business_Layer.csproj", "{8AFC2E6B-CDA5-4AB8-9AF8-80418B3931AB}"
EndProject
Project("{FAE04EC0-301F-11D3-BF4B-00C04F79EFBC}") = "DataAccessLayer", "..\DataAccessLayer\DataAccessLayer.csproj", "{FEBA0FB3-4A7F-47A8-A653-33049AC070E9}"
EndProject
Project("{FAE04EC0-301F-11D3-BF4B-00C04F79EFBC}") = "PrjProps", "..\PrjProps\PrjProps.csproj", "{C63F1CD3-D67E-4240-890A-C2DC673E5B0D}"
EndProject
Project("{FAE04EC0-301F-11D3-BF4B-00C04F79EFBC}") = "MVC_CRUD_WITH_ENTITY", "..\MVC_CRUD_WITH_ENTITY\MVC_CRUD_WITH_ENTITY.csproj", "{62320CE4-DD55-4B25-8819-DF1DD045C30D}"
EndProject
Global
	GlobalSection(SolutionConfigurationPlatforms) = preSolution
		Debug|Any CPU = Debug|Any CPU
		Release|Any CPU = Release|Any CPU
	EndGlobalSection
	GlobalSection(ProjectConfigurationPlatforms) = postSolution
		{94D99ECD-2ED4-4251-8279-01653230D5DE}.Debug|Any CPU.ActiveCfg = Debug|Any CPU
		{94D99ECD-2ED4-4251-8279-01653230D5DE}.Debug|Any CPU.Build.0 = Debug|Any CPU
		{94D99ECD-2ED4-4251-8279-01653230D5DE}.Release|Any CPU.ActiveCfg = Release|Any CPU
		{94D99ECD-2ED4-4251-8279-01653230D5DE}.Release|Any CPU.Build.0 = Release|Any CPU
		{8AFC2E6B-CDA5-4AB8-9AF8-80418B3931AB}.Debug|Any CPU.ActiveCfg = Debug|Any CPU
		{8AFC2E6B-CDA5-4AB8-9AF8-80418B3931AB}.Debug|Any CPU.Build.0 = Debug|Any CPU
		{8AFC2E6B-CDA5-4AB8-9AF8-80418B3931AB}.Release|Any CPU.ActiveCfg = Release|Any CPU
		{8AFC2E6B-CDA5-4AB8-9AF8-80418B3931AB}.Release|Any CPU.Build.0 = Release|Any CPU
		{FEBA0FB3-4A7F-47A8-A653-33049AC070E9}.Debug|Any CPU.ActiveCfg = Debug|Any CPU
		{FEBA0FB3-4A7F-47A8-A653-33049AC070E9}.Debug|Any CPU.Build.0 = Debug|Any CPU
		{FEBA0FB3-4A7F-47A8-A653-33049AC070E9}.Release|Any CPU.ActiveCfg = Release|Any CPU
		{FEBA0FB3-4A7F-47A8-A653-33049AC070E9}.Release|Any CPU.Build.0 = Release|Any CPU
		{C63F1CD3-D67E-4240-890A-C2DC673E5B0D}.Debug|Any CPU.ActiveCfg = Debug|Any CPU
		{C63F1CD3-D67E-4240-890A-C2DC673E5B0D}.Debug|Any CPU.Build.0 = Debug|Any CPU
		{C63F1CD3-D67E-4240-890A-C2DC673E5B0D}.Release|Any CPU.ActiveCfg = Release|Any CPU
		{C63F1CD3-D67E-4240-890A-C2DC673E5B0D}.Release|Any CPU.Build.0 = Release|Any CPU
		{62320CE4-DD55-4B25-8819-DF1DD045C30D}.Debug|Any CPU.ActiveCfg = Debug|Any CPU
		{62320CE4-DD55-4B25-8819-DF1DD045C30D}.Debug|Any CPU.Build.0 = Debug|Any CPU
		{62320CE4-DD55-4B25-8819-DF1DD045C30D}.Release|Any CPU.ActiveCfg = Release|Any CPU
		{62320CE4-DD55-4B25-8819-DF1DD045C30D}.Release|Any CPU.Build.0 = Release|Any CPU
	EndGlobalSection
	GlobalSection(SolutionProperties) = preSolution
		HideSolutionNode = FALSE
	EndGlobalSection
	GlobalSection(ExtensibilityGlobals) = postSolution
		SolutionGuid = {C91E8550-ABDB-4276-BFE0-6A7F7556AC46}
	EndGlobalSection
EndGlobal
